
Microsoft Visual Studio Solution File, Format Version 12.00
# Visual Studio 2012
Project("{FAE04EC0-301F-11D3-BF4B-00C04F79EFBC}") = "TangibleServer", "TangibleServer\TangibleServer.csproj", "{FCD0E923-59AC-4E72-80B8-A046FD3A1A16}"
EndProject
Global
	GlobalSection(SolutionConfigurationPlatforms) = preSolution
		Debug|Any CPU = Debug|Any CPU
		Release|Any CPU = Release|Any CPU
	EndGlobalSection
	GlobalSection(ProjectConfigurationPlatforms) = postSolution
		{FCD0E923-59AC-4E72-80B8-A046FD3A1A16}.Debug|Any CPU.ActiveCfg = Debug|Any CPU
		{FCD0E923-59AC-4E72-80B8-A046FD3A1A16}.Debug|Any CPU.Build.0 = Debug|Any CPU
		{FCD0E923-59AC-4E72-80B8-A046FD3A1A16}.Release|Any CPU.ActiveCfg = Release|Any CPU
		{FCD0E923-59AC-4E72-80B8-A046FD3A1A16}.Release|Any CPU.Build.0 = Release|Any CPU
	EndGlobalSection
	GlobalSection(SolutionProperties) = preSolution
		HideSolutionNode = FALSE
	EndGlobalSection
EndGlobal
